
Microsoft Visual Studio Solution File, Format Version 12.00
# Visual Studio 15
VisualStudioVersion = 15.0.26124.0
MinimumVisualStudioVersion = 15.0.26124.0
Project("{FAE04EC0-301F-11D3-BF4B-00C04F79EFBC}") = "DotSharp.Console", "DotSharp.Console\DotSharp.Console.csproj", "{4AF31D84-1E89-45F1-9598-A79B2DFF6BAF}"
EndProject
Project("{FAE04EC0-301F-11D3-BF4B-00C04F79EFBC}") = "DotSharp", "DotSharp\DotSharp.csproj", "{3379DC41-FB76-40E7-B9D9-BA8EF434116F}"
EndProject
Global
	GlobalSection(SolutionConfigurationPlatforms) = preSolution
		Debug|Any CPU = Debug|Any CPU
		Debug|x64 = Debug|x64
		Debug|x86 = Debug|x86
		Release|Any CPU = Release|Any CPU
		Release|x64 = Release|x64
		Release|x86 = Release|x86
	EndGlobalSection
	GlobalSection(SolutionProperties) = preSolution
		HideSolutionNode = FALSE
	EndGlobalSection
	GlobalSection(ProjectConfigurationPlatforms) = postSolution
		{4AF31D84-1E89-45F1-9598-A79B2DFF6BAF}.Debug|Any CPU.ActiveCfg = Debug|Any CPU
		{4AF31D84-1E89-45F1-9598-A79B2DFF6BAF}.Debug|Any CPU.Build.0 = Debug|Any CPU
		{4AF31D84-1E89-45F1-9598-A79B2DFF6BAF}.Debug|x64.ActiveCfg = Debug|Any CPU
		{4AF31D84-1E89-45F1-9598-A79B2DFF6BAF}.Debug|x64.Build.0 = Debug|Any CPU
		{4AF31D84-1E89-45F1-9598-A79B2DFF6BAF}.Debug|x86.ActiveCfg = Debug|Any CPU
		{4AF31D84-1E89-45F1-9598-A79B2DFF6BAF}.Debug|x86.Build.0 = Debug|Any CPU
		{4AF31D84-1E89-45F1-9598-A79B2DFF6BAF}.Release|Any CPU.ActiveCfg = Release|Any CPU
		{4AF31D84-1E89-45F1-9598-A79B2DFF6BAF}.Release|Any CPU.Build.0 = Release|Any CPU
		{4AF31D84-1E89-45F1-9598-A79B2DFF6BAF}.Release|x64.ActiveCfg = Release|Any CPU
		{4AF31D84-1E89-45F1-9598-A79B2DFF6BAF}.Release|x64.Build.0 = Release|Any CPU
		{4AF31D84-1E89-45F1-9598-A79B2DFF6BAF}.Release|x86.ActiveCfg = Release|Any CPU
		{4AF31D84-1E89-45F1-9598-A79B2DFF6BAF}.Release|x86.Build.0 = Release|Any CPU
		{3379DC41-FB76-40E7-B9D9-BA8EF434116F}.Debug|Any CPU.ActiveCfg = Debug|Any CPU
		{3379DC41-FB76-40E7-B9D9-BA8EF434116F}.Debug|Any CPU.Build.0 = Debug|Any CPU
		{3379DC41-FB76-40E7-B9D9-BA8EF434116F}.Debug|x64.ActiveCfg = Debug|Any CPU
		{3379DC41-FB76-40E7-B9D9-BA8EF434116F}.Debug|x64.Build.0 = Debug|Any CPU
		{3379DC41-FB76-40E7-B9D9-BA8EF434116F}.Debug|x86.ActiveCfg = Debug|Any CPU
		{3379DC41-FB76-40E7-B9D9-BA8EF434116F}.Debug|x86.Build.0 = Debug|Any CPU
		{3379DC41-FB76-40E7-B9D9-BA8EF434116F}.Release|Any CPU.ActiveCfg = Release|Any CPU
		{3379DC41-FB76-40E7-B9D9-BA8EF434116F}.Release|Any CPU.Build.0 = Release|Any CPU
		{3379DC41-FB76-40E7-B9D9-BA8EF434116F}.Release|x64.ActiveCfg = Release|Any CPU
		{3379DC41-FB76-40E7-B9D9-BA8EF434116F}.Release|x64.Build.0 = Release|Any CPU
		{3379DC41-FB76-40E7-B9D9-BA8EF434116F}.Release|x86.ActiveCfg = Release|Any CPU
		{3379DC41-FB76-40E7-B9D9-BA8EF434116F}.Release|x86.Build.0 = Release|Any CPU
	EndGlobalSection
EndGlobal
